{
    "_meta": {
        "hash": {
            "sha256": "b522041dc585833003a448b339d2f13095906a6659b349291574a90ff75e54be"
        },
        "pipfile-spec": 6,
        "requires": {
            "python_version": "3.7"
        },
        "sources": [
            {
                "name": "pypi",
                "url": "https://pypi.org/simple",
                "verify_ssl": true
            }
        ]
    },
    "default": {
        "adafruit-blinka": {
            "hashes": [
                "sha256:a724ff7e5f84c1f5c239ec29621b176747bfb99fba5b2d8dc4beeeafb5e278eb"
            ],
            "version": "==4.8.0"
        },
        "adafruit-circuitpython-busdevice": {
            "hashes": [
                "sha256:7eafaaad3bbcd6b31102632fc5c289dc1e208ee34301d0e44210e95664552657"
            ],
            "version": "==4.3.1"
        },
        "adafruit-circuitpython-seesaw": {
            "hashes": [
                "sha256:da0aecb2c41db6fd55dc7148c3064d2304e5ffe11c9b17351aa351fdeab5714d"
            ],
            "index": "pypi",
            "version": "==1.6.1"
        },
        "adafruit-platformdetect": {
            "hashes": [
                "sha256:363a26238ec8638b79cb183b1d65bc90f65a3faa0010846f7b37dc0604719ca1"
            ],
            "version": "==2.9.0"
        },
        "adafruit-pureio": {
            "hashes": [
                "sha256:ebab172823f7249e02a644844a64e6dc2e4b3ded38ba42099068fd3e96623cfb"
            ],
            "version": "==1.1.5"
        },
        "psycopg2": {
            "hashes": [
                "sha256:132efc7ee46a763e68a815f4d26223d9c679953cd190f1f218187cb60decf535",
                "sha256:2327bf42c1744a434ed8ed0bbaa9168cac7ee5a22a9001f6fc85c33b8a4a14b7",
                "sha256:27c633f2d5db0fc27b51f1b08f410715b59fa3802987aec91aeb8f562724e95c",
                "sha256:2c0afb40cfb4d53487ee2ebe128649028c9a78d2476d14a67781e45dc287f080",
                "sha256:2df2bf1b87305bd95eb3ac666ee1f00a9c83d10927b8144e8e39644218f4cf81",
                "sha256:440a3ea2c955e89321a138eb7582aa1d22fe286c7d65e26a2c5411af0a88ae72",
                "sha256:6a471d4d2a6f14c97a882e8d3124869bc623f3df6177eefe02994ea41fd45b52",
                "sha256:6b306dae53ec7f4f67a10942cf8ac85de930ea90e9903e2df4001f69b7833f7e",
                "sha256:a0984ff49e176062fcdc8a5a2a670c9bb1704a2f69548bce8f8a7bad41c661bf",
                "sha256:ac5b23d0199c012ad91ed1bbb971b7666da651c6371529b1be8cbe2a7bf3c3a9",
                "sha256:acf56d564e443e3dea152efe972b1434058244298a94348fc518d6dd6a9fb0bb",
                "sha256:d3b29d717d39d3580efd760a9a46a7418408acebbb784717c90d708c9ed5f055",
                "sha256:f7d46240f7a1ae1dd95aab38bd74f7428d46531f69219954266d669da60c0818"
            ],
            "index": "pypi",
            "version": "==2.8.5"
        },
        "pyftdi": {
            "hashes": [
                "sha256:93d2d9fae3efe64fdfc07578dfb36d00226737cf8cf127a9b45ededb5c8d3b2a",
                "sha256:f97e2f4649e3be5b3669d586fd9ced806980e86b9630dfc92a0aa06205da70a1"
            ],
            "version": "==0.51.0"
        },
        "pyserial": {
            "hashes": [
                "sha256:6e2d401fdee0eab996cf734e67773a0143b932772ca8b42451440cfed942c627",
                "sha256:e0770fadba80c31013896c7e6ef703f72e7834965954a78e71a3049488d4d7d8"
            ],
            "version": "==3.4"
        },
        "pyusb": {
            "hashes": [
                "sha256:4e9b72cc4a4205ca64fbf1f3fff39a335512166c151ad103e55c8223ac147362"
            ],
            "version": "==1.0.2"
        },
        "rpi-ws281x": {
            "hashes": [
                "sha256:185d7ae138a5633cf4cd707c55d7190b34810cc3f5e5682c820ddf1dade20914",
                "sha256:265a395410cc7199f779c4209ca3970b7211896b86dbaa4731bdc3569d2e595f",
                "sha256:544f09353ccb578452d0478470460d3425f40e8dd7433131a95239daeae83303",
                "sha256:bc3a22e55c2a10de5c4dfb23c13dceff66162e77eb7176701f1a0d5ae8b97695",
                "sha256:de182acceab047030056e2ab0dd2bd2632f2375f60d9a94cf7e3a8a4033834a0"
            ],
            "version": "==4.2.3"
        },
        "rpi.gpio": {
            "hashes": [
                "sha256:7424bc6c205466764f30f666c18187a0824077daf20b295c42f08aea2cb87d3f"
            ],
            "version": "==0.7.0"
        },
        "sysv-ipc": {
            "hashes": [
                "sha256:2b2b8491764845d06a9d5731ebe67f12fbe0c35967ac7f2bbe55ff24cb302405",
                "sha256:8eff10dd17789ddf21b422ce46ae0f6420088902a88e4296cb805cf2fde8b4dc",
                "sha256:a67fc5b7a3dd5fc9c50776de0c65a44eb776d29bb88364dedb1fb1149e53a1f1"
            ],
            "version": "==1.0.1"
        }
    },
    "develop": {}
}
